
Microsoft Visual Studio Solution File, Format Version 12.00
# Visual Studio Version 17
VisualStudioVersion = 17.12.35527.113
MinimumVisualStudioVersion = 10.0.40219.1
Project("{2150E333-8FDC-42A3-9474-1A3956D46DE8}") = "Core", "Core", "{21BA212D-D49F-43BE-B5A7-49F596B744B8}"
EndProject
Project("{FAE04EC0-301F-11D3-BF4B-00C04F79EFBC}") = "ECommerceAPI.Domain", "Core\ECommerceAPI.Domain\ECommerceAPI.Domain.csproj", "{570C9A14-9D97-451B-86CB-673B544CE12B}"
EndProject
Project("{FAE04EC0-301F-11D3-BF4B-00C04F79EFBC}") = "ECommerceAPI.Application", "Core\ECommerceAPI.Application\ECommerceAPI.Application.csproj", "{09307224-78D5-4922-A128-EBFFAC0225E9}"
EndProject
Project("{2150E333-8FDC-42A3-9474-1A3956D46DE8}") = "Infrastructure", "Infrastructure", "{547941FD-7E34-48B2-A005-480DDA77C3F8}"
EndProject
Project("{FAE04EC0-301F-11D3-BF4B-00C04F79EFBC}") = "ECommerceAPI.Infrastructure", "Infrastructure\ECommerceAPI.Infrastructure\ECommerceAPI.Infrastructure.csproj", "{85D7B424-7723-41A0-A923-D94509C2B926}"
EndProject
Project("{FAE04EC0-301F-11D3-BF4B-00C04F79EFBC}") = "ECommerceAPI.Persistence", "Infrastructure\ECommerceAPI.Persistence\ECommerceAPI.Persistence.csproj", "{2FA6EAA3-49D9-46DB-9FCA-6F9D6C3799D4}"
EndProject
Project("{2150E333-8FDC-42A3-9474-1A3956D46DE8}") = "Presentation", "Presentation", "{BC475EF3-D972-4277-AB65-37BF7998E4CF}"
EndProject
Project("{FAE04EC0-301F-11D3-BF4B-00C04F79EFBC}") = "ECommerceAPI.API", "Presentation\ECommerceAPI.API\ECommerceAPI.API.csproj", "{FE7A80DE-2BD9-47B6-B43E-3C1CBA58DD04}"
EndProject
Global
	GlobalSection(SolutionConfigurationPlatforms) = preSolution
		Debug|Any CPU = Debug|Any CPU
		Release|Any CPU = Release|Any CPU
	EndGlobalSection
	GlobalSection(ProjectConfigurationPlatforms) = postSolution
		{570C9A14-9D97-451B-86CB-673B544CE12B}.Debug|Any CPU.ActiveCfg = Debug|Any CPU
		{570C9A14-9D97-451B-86CB-673B544CE12B}.Debug|Any CPU.Build.0 = Debug|Any CPU
		{570C9A14-9D97-451B-86CB-673B544CE12B}.Release|Any CPU.ActiveCfg = Release|Any CPU
		{570C9A14-9D97-451B-86CB-673B544CE12B}.Release|Any CPU.Build.0 = Release|Any CPU
		{09307224-78D5-4922-A128-EBFFAC0225E9}.Debug|Any CPU.ActiveCfg = Debug|Any CPU
		{09307224-78D5-4922-A128-EBFFAC0225E9}.Debug|Any CPU.Build.0 = Debug|Any CPU
		{09307224-78D5-4922-A128-EBFFAC0225E9}.Release|Any CPU.ActiveCfg = Release|Any CPU
		{09307224-78D5-4922-A128-EBFFAC0225E9}.Release|Any CPU.Build.0 = Release|Any CPU
		{85D7B424-7723-41A0-A923-D94509C2B926}.Debug|Any CPU.ActiveCfg = Debug|Any CPU
		{85D7B424-7723-41A0-A923-D94509C2B926}.Debug|Any CPU.Build.0 = Debug|Any CPU
		{85D7B424-7723-41A0-A923-D94509C2B926}.Release|Any CPU.ActiveCfg = Release|Any CPU
		{85D7B424-7723-41A0-A923-D94509C2B926}.Release|Any CPU.Build.0 = Release|Any CPU
		{2FA6EAA3-49D9-46DB-9FCA-6F9D6C3799D4}.Debug|Any CPU.ActiveCfg = Debug|Any CPU
		{2FA6EAA3-49D9-46DB-9FCA-6F9D6C3799D4}.Debug|Any CPU.Build.0 = Debug|Any CPU
		{2FA6EAA3-49D9-46DB-9FCA-6F9D6C3799D4}.Release|Any CPU.ActiveCfg = Release|Any CPU
		{2FA6EAA3-49D9-46DB-9FCA-6F9D6C3799D4}.Release|Any CPU.Build.0 = Release|Any CPU
		{FE7A80DE-2BD9-47B6-B43E-3C1CBA58DD04}.Debug|Any CPU.ActiveCfg = Debug|Any CPU
		{FE7A80DE-2BD9-47B6-B43E-3C1CBA58DD04}.Debug|Any CPU.Build.0 = Debug|Any CPU
		{FE7A80DE-2BD9-47B6-B43E-3C1CBA58DD04}.Release|Any CPU.ActiveCfg = Release|Any CPU
		{FE7A80DE-2BD9-47B6-B43E-3C1CBA58DD04}.Release|Any CPU.Build.0 = Release|Any CPU
	EndGlobalSection
	GlobalSection(SolutionProperties) = preSolution
		HideSolutionNode = FALSE
	EndGlobalSection
	GlobalSection(NestedProjects) = preSolution
		{570C9A14-9D97-451B-86CB-673B544CE12B} = {21BA212D-D49F-43BE-B5A7-49F596B744B8}
		{09307224-78D5-4922-A128-EBFFAC0225E9} = {21BA212D-D49F-43BE-B5A7-49F596B744B8}
		{85D7B424-7723-41A0-A923-D94509C2B926} = {547941FD-7E34-48B2-A005-480DDA77C3F8}
		{2FA6EAA3-49D9-46DB-9FCA-6F9D6C3799D4} = {547941FD-7E34-48B2-A005-480DDA77C3F8}
		{FE7A80DE-2BD9-47B6-B43E-3C1CBA58DD04} = {BC475EF3-D972-4277-AB65-37BF7998E4CF}
	EndGlobalSection
EndGlobal
